Microsoft Visual Studio Solution File, Format Version 12.00
# Visual Studio Version 17
VisualStudioVersion = 17.5.2.0
MinimumVisualStudioVersion = 10.0.40219.1
Project("{FAE04EC0-301F-11D3-BF4B-00C04F79EFBC}") = "3Dayproject", "3Dayproject\3Dayproject.csproj", "{E0719DF1-4341-91C4-68FB-7A0AD3FE9DBF}"
EndProject
Global
	GlobalSection(SolutionConfigurationPlatforms) = preSolution
		Debug|Any CPU = Debug|Any CPU
		Release|Any CPU = Release|Any CPU
	EndGlobalSection
	GlobalSection(ProjectConfigurationPlatforms) = postSolution
		{E0719DF1-4341-91C4-68FB-7A0AD3FE9DBF}.Debug|Any CPU.ActiveCfg = Debug|Any CPU
		{E0719DF1-4341-91C4-68FB-7A0AD3FE9DBF}.Debug|Any CPU.Build.0 = Debug|Any CPU
		{E0719DF1-4341-91C4-68FB-7A0AD3FE9DBF}.Release|Any CPU.ActiveCfg = Release|Any CPU
		{E0719DF1-4341-91C4-68FB-7A0AD3FE9DBF}.Release|Any CPU.Build.0 = Release|Any CPU
	EndGlobalSection
	GlobalSection(SolutionProperties) = preSolution
		HideSolutionNode = FALSE
	EndGlobalSection
	GlobalSection(ExtensibilityGlobals) = postSolution
		SolutionGuid = {DF326604-809A-4A42-A770-83B4780D7C9A}
	EndGlobalSection
EndGlobal
